
Microsoft Visual Studio Solution File, Format Version 12.00
# Visual Studio Version 17
VisualStudioVersion = 17.14.36121.58 d17.14
MinimumVisualStudioVersion = 10.0.40219.1
Project("{FAE04EC0-301F-11D3-BF4B-00C04F79EFBC}") = "FluidSimulation", "FluidSimulation\FluidSimulation.csproj", "{DC70B7D5-A560-446A-8AC6-9DEECC4FEB75}"
EndProject
Global
	GlobalSection(SolutionConfigurationPlatforms) = preSolution
		Debug|Any CPU = Debug|Any CPU
		Release|Any CPU = Release|Any CPU
	EndGlobalSection
	GlobalSection(ProjectConfigurationPlatforms) = postSolution
		{DC70B7D5-A560-446A-8AC6-9DEECC4FEB75}.Debug|Any CPU.ActiveCfg = Debug|Any CPU
		{DC70B7D5-A560-446A-8AC6-9DEECC4FEB75}.Debug|Any CPU.Build.0 = Debug|Any CPU
		{DC70B7D5-A560-446A-8AC6-9DEECC4FEB75}.Release|Any CPU.ActiveCfg = Release|Any CPU
		{DC70B7D5-A560-446A-8AC6-9DEECC4FEB75}.Release|Any CPU.Build.0 = Release|Any CPU
	EndGlobalSection
	GlobalSection(SolutionProperties) = preSolution
		HideSolutionNode = FALSE
	EndGlobalSection
	GlobalSection(ExtensibilityGlobals) = postSolution
		SolutionGuid = {3221A16C-6A85-470C-9E28-2BE4CC63B9E7}
	EndGlobalSection
EndGlobal
